
Microsoft Visual Studio Solution File, Format Version 12.00
# Visual Studio Version 16
VisualStudioVersion = 16.0.31729.503
MinimumVisualStudioVersion = 10.0.40219.1
Project("{FAE04EC0-301F-11D3-BF4B-00C04F79EFBC}") = "Atos-InjDep", "InjDep2\Atos-InjDep.csproj", "{5F0F5979-A77F-4FB1-9256-D03024DC5994}"
EndProject
Global
	GlobalSection(SolutionConfigurationPlatforms) = preSolution
		Debug|Any CPU = Debug|Any CPU
		Release|Any CPU = Release|Any CPU
	EndGlobalSection
	GlobalSection(ProjectConfigurationPlatforms) = postSolution
		{5F0F5979-A77F-4FB1-9256-D03024DC5994}.Debug|Any CPU.ActiveCfg = Debug|Any CPU
		{5F0F5979-A77F-4FB1-9256-D03024DC5994}.Debug|Any CPU.Build.0 = Debug|Any CPU
		{5F0F5979-A77F-4FB1-9256-D03024DC5994}.Release|Any CPU.ActiveCfg = Release|Any CPU
		{5F0F5979-A77F-4FB1-9256-D03024DC5994}.Release|Any CPU.Build.0 = Release|Any CPU
	EndGlobalSection
	GlobalSection(SolutionProperties) = preSolution
		HideSolutionNode = FALSE
	EndGlobalSection
	GlobalSection(ExtensibilityGlobals) = postSolution
		SolutionGuid = {7E127F68-ED20-4DE5-BF07-4CBBDBEE4569}
	EndGlobalSection
EndGlobal
